
Microsoft Visual Studio Solution File, Format Version 12.00
# Visual Studio Version 17
VisualStudioVersion = 17.12.35527.113 d17.12
MinimumVisualStudioVersion = 10.0.40219.1
Project("{2150E333-8FDC-42A3-9474-1A3956D46DE8}") = "UI", "UI", "{E165A3B1-D67D-4BD5-943A-03000C826F08}"
EndProject
Project("{2150E333-8FDC-42A3-9474-1A3956D46DE8}") = "Backened", "Backened", "{817C7866-C25A-472C-9EE3-AB8EA59D42FF}"
EndProject
Project("{2150E333-8FDC-42A3-9474-1A3956D46DE8}") = "UnitTest", "UnitTest", "{803E6D17-48FE-4986-9CA6-052341F1BC07}"
EndProject
Project("{FAE04EC0-301F-11D3-BF4B-00C04F79EFBC}") = "ePizzaHub.UI", "ePizzaHub.UI\ePizzaHub.UI.csproj", "{A77A4B9A-FC04-4FFB-9846-ADF011B42D56}"
EndProject
Project("{2150E333-8FDC-42A3-9474-1A3956D46DE8}") = "API", "API", "{F15AF387-AB0C-4A74-A350-5052196041CE}"
EndProject
Project("{2150E333-8FDC-42A3-9474-1A3956D46DE8}") = "Core", "Core", "{18F8CE07-EB79-4A3B-9A5C-EDC48F3CEA8F}"
EndProject
Project("{2150E333-8FDC-42A3-9474-1A3956D46DE8}") = "Infrastructure", "Infrastructure", "{2929ABDC-F98D-4BA4-A4EE-E5B84FCA70E3}"
EndProject
Project("{FAE04EC0-301F-11D3-BF4B-00C04F79EFBC}") = "ePizzaHub.API", "ePizzaHub.API\ePizzaHub.API.csproj", "{E2F176D2-E89E-4717-9BA0-55917B4F0D5A}"
EndProject
Project("{FAE04EC0-301F-11D3-BF4B-00C04F79EFBC}") = "ePizzaHub.Infrastructure", "ePizzaHub.Infrastructure\ePizzaHub.Infrastructure.csproj", "{BEEC4528-E361-4BD3-8163-1196BA172239}"
EndProject
Project("{FAE04EC0-301F-11D3-BF4B-00C04F79EFBC}") = "ePizzaHub.Core", "ePizzaHub.Core\ePizzaHub.Core.csproj", "{43D043ED-0BD3-4D7F-9B87-840EE40A5104}"
EndProject
Project("{FAE04EC0-301F-11D3-BF4B-00C04F79EFBC}") = "ePizzaHub.Models", "ePizzaHub.Models\ePizzaHub.Models.csproj", "{3C2FDD81-8701-401C-B5D8-0F4FCAA49BEC}"
EndProject
Project("{FAE04EC0-301F-11D3-BF4B-00C04F79EFBC}") = "ePizzaHub.Repositories", "ePizzaHub.Repository\ePizzaHub.Repositories.csproj", "{BBB57345-4F7A-4CE5-9129-6A67BC2FBFF8}"
EndProject
Global
	GlobalSection(SolutionConfigurationPlatforms) = preSolution
		Debug|Any CPU = Debug|Any CPU
		Release|Any CPU = Release|Any CPU
	EndGlobalSection
	GlobalSection(ProjectConfigurationPlatforms) = postSolution
		{A77A4B9A-FC04-4FFB-9846-ADF011B42D56}.Debug|Any CPU.ActiveCfg = Debug|Any CPU
		{A77A4B9A-FC04-4FFB-9846-ADF011B42D56}.Debug|Any CPU.Build.0 = Debug|Any CPU
		{A77A4B9A-FC04-4FFB-9846-ADF011B42D56}.Release|Any CPU.ActiveCfg = Release|Any CPU
		{A77A4B9A-FC04-4FFB-9846-ADF011B42D56}.Release|Any CPU.Build.0 = Release|Any CPU
		{E2F176D2-E89E-4717-9BA0-55917B4F0D5A}.Debug|Any CPU.ActiveCfg = Debug|Any CPU
		{E2F176D2-E89E-4717-9BA0-55917B4F0D5A}.Debug|Any CPU.Build.0 = Debug|Any CPU
		{E2F176D2-E89E-4717-9BA0-55917B4F0D5A}.Release|Any CPU.ActiveCfg = Release|Any CPU
		{E2F176D2-E89E-4717-9BA0-55917B4F0D5A}.Release|Any CPU.Build.0 = Release|Any CPU
		{BEEC4528-E361-4BD3-8163-1196BA172239}.Debug|Any CPU.ActiveCfg = Debug|Any CPU
		{BEEC4528-E361-4BD3-8163-1196BA172239}.Debug|Any CPU.Build.0 = Debug|Any CPU
		{BEEC4528-E361-4BD3-8163-1196BA172239}.Release|Any CPU.ActiveCfg = Release|Any CPU
		{BEEC4528-E361-4BD3-8163-1196BA172239}.Release|Any CPU.Build.0 = Release|Any CPU
		{43D043ED-0BD3-4D7F-9B87-840EE40A5104}.Debug|Any CPU.ActiveCfg = Debug|Any CPU
		{43D043ED-0BD3-4D7F-9B87-840EE40A5104}.Debug|Any CPU.Build.0 = Debug|Any CPU
		{43D043ED-0BD3-4D7F-9B87-840EE40A5104}.Release|Any CPU.ActiveCfg = Release|Any CPU
		{43D043ED-0BD3-4D7F-9B87-840EE40A5104}.Release|Any CPU.Build.0 = Release|Any CPU
		{3C2FDD81-8701-401C-B5D8-0F4FCAA49BEC}.Debug|Any CPU.ActiveCfg = Debug|Any CPU
		{3C2FDD81-8701-401C-B5D8-0F4FCAA49BEC}.Debug|Any CPU.Build.0 = Debug|Any CPU
		{3C2FDD81-8701-401C-B5D8-0F4FCAA49BEC}.Release|Any CPU.ActiveCfg = Release|Any CPU
		{3C2FDD81-8701-401C-B5D8-0F4FCAA49BEC}.Release|Any CPU.Build.0 = Release|Any CPU
		{BBB57345-4F7A-4CE5-9129-6A67BC2FBFF8}.Debug|Any CPU.ActiveCfg = Debug|Any CPU
		{BBB57345-4F7A-4CE5-9129-6A67BC2FBFF8}.Debug|Any CPU.Build.0 = Debug|Any CPU
		{BBB57345-4F7A-4CE5-9129-6A67BC2FBFF8}.Release|Any CPU.ActiveCfg = Release|Any CPU
		{BBB57345-4F7A-4CE5-9129-6A67BC2FBFF8}.Release|Any CPU.Build.0 = Release|Any CPU
	EndGlobalSection
	GlobalSection(SolutionProperties) = preSolution
		HideSolutionNode = FALSE
	EndGlobalSection
	GlobalSection(NestedProjects) = preSolution
		{A77A4B9A-FC04-4FFB-9846-ADF011B42D56} = {E165A3B1-D67D-4BD5-943A-03000C826F08}
		{F15AF387-AB0C-4A74-A350-5052196041CE} = {817C7866-C25A-472C-9EE3-AB8EA59D42FF}
		{18F8CE07-EB79-4A3B-9A5C-EDC48F3CEA8F} = {817C7866-C25A-472C-9EE3-AB8EA59D42FF}
		{2929ABDC-F98D-4BA4-A4EE-E5B84FCA70E3} = {817C7866-C25A-472C-9EE3-AB8EA59D42FF}
		{E2F176D2-E89E-4717-9BA0-55917B4F0D5A} = {F15AF387-AB0C-4A74-A350-5052196041CE}
		{BEEC4528-E361-4BD3-8163-1196BA172239} = {2929ABDC-F98D-4BA4-A4EE-E5B84FCA70E3}
		{43D043ED-0BD3-4D7F-9B87-840EE40A5104} = {18F8CE07-EB79-4A3B-9A5C-EDC48F3CEA8F}
		{3C2FDD81-8701-401C-B5D8-0F4FCAA49BEC} = {18F8CE07-EB79-4A3B-9A5C-EDC48F3CEA8F}
		{BBB57345-4F7A-4CE5-9129-6A67BC2FBFF8} = {2929ABDC-F98D-4BA4-A4EE-E5B84FCA70E3}
	EndGlobalSection
EndGlobal
